version: 2.0
shards:
  ameba:
    git: https://github.com/crystal-ameba/ameba.git
    version: 1.3.1

  baked_file_system:
    git: https://github.com/schovi/baked_file_system.git
    version: 0.10.0+git.commit.f086b45c52bac364e67b4b4c0b5698f2407215e2

  clim:
    git: https://github.com/at-grandpa/clim.git
    version: 0.17.1

  tallboy:
    git: https://github.com/epoch/tallboy.git
    version: 0.9.3

  wafalyzer:
    git: https://github.com/neuralegion/wafalyzer.git
    version: 1.0.3

